// !$*UTF8*$!
{
	archiveVersion = 1;
	classes = {
	};
	objectVersion = 50;
	objects = {

/* Begin PBXBuildFile section */
		1B2448882283167C00EB37A6 /* main.m in Sources */ = {isa = PBXBuildFile; fileRef = 1B2448872283167C00EB37A6 /* main.m */; };
		1B244891228318A700EB37A6 /* numberOne.m in Sources */ = {isa = PBXBuildFile; fileRef = 1B244890228318A700EB37A6 /* numberOne.m */; };
		1B2448AB228321A300EB37A6 /* numberOneTests.m in Sources */ = {isa = PBXBuildFile; fileRef = 1B24489E22831C8400EB37A6 /* numberOneTests.m */; };
		1B2448AC228321B000EB37A6 /* algorithmForOfferTests.m in Sources */ = {isa = PBXBuildFile; fileRef = 1B244898228318EB00EB37A6 /* algorithmForOfferTests.m */; };
		1B2448AD228321CA00EB37A6 /* numberOne.m in Sources */ = {isa = PBXBuildFile; fileRef = 1B244890228318A700EB37A6 /* numberOne.m */; };
		1B95C2562286E3950089C9A9 /* NumberThree.m in Sources */ = {isa = PBXBuildFile; fileRef = 1B95C2552286E3950089C9A9 /* NumberThree.m */; };
		1B95C2602286E78D0089C9A9 /* linkedList.m in Sources */ = {isa = PBXBuildFile; fileRef = 1B95C25F2286E78D0089C9A9 /* linkedList.m */; };
		1B95C262228725290089C9A9 /* numberThreeTests.m in Sources */ = {isa = PBXBuildFile; fileRef = 1B95C261228725290089C9A9 /* numberThreeTests.m */; };
		1B95C263228725420089C9A9 /* linkedList.m in Sources */ = {isa = PBXBuildFile; fileRef = 1B95C25F2286E78D0089C9A9 /* linkedList.m */; };
		1B95C264228725420089C9A9 /* NumberThree.m in Sources */ = {isa = PBXBuildFile; fileRef = 1B95C2552286E3950089C9A9 /* NumberThree.m */; };
		1B95C267228726630089C9A9 /* TZStack.m in Sources */ = {isa = PBXBuildFile; fileRef = 1B95C266228726630089C9A9 /* TZStack.m */; };
		1B95C26822872AD20089C9A9 /* TZStack.m in Sources */ = {isa = PBXBuildFile; fileRef = 1B95C266228726630089C9A9 /* TZStack.m */; };
		1BE20F002284749E00154CF7 /* numberTwo.m in Sources */ = {isa = PBXBuildFile; fileRef = 1BE20EFF2284749E00154CF7 /* numberTwo.m */; };
		1BE20F0122847B2C00154CF7 /* numberTwo.m in Sources */ = {isa = PBXBuildFile; fileRef = 1BE20EFF2284749E00154CF7 /* numberTwo.m */; };
		1BE20F0322847B4600154CF7 /* numberTwoTests.m in Sources */ = {isa = PBXBuildFile; fileRef = 1BE20F0222847B4600154CF7 /* numberTwoTests.m */; };
/* End PBXBuildFile section */

/* Begin PBXCopyFilesBuildPhase section */
		1B2448822283167C00EB37A6 /* CopyFiles */ = {
			isa = PBXCopyFilesBuildPhase;
			buildActionMask = 2147483647;
			dstPath = /usr/share/man/man1/;
			dstSubfolderSpec = 0;
			files = (
			);
			runOnlyForDeploymentPostprocessing = 1;
		};
/* End PBXCopyFilesBuildPhase section */

/* Begin PBXFileReference section */
		1B2448842283167C00EB37A6 /* algorithmForOffer */ = {isa = PBXFileReference; explicitFileType = "compiled.mach-o.executable"; includeInIndex = 0; path = algorithmForOffer; sourceTree = BUILT_PRODUCTS_DIR; };
		1B2448872283167C00EB37A6 /* main.m */ = {isa = PBXFileReference; lastKnownFileType = sourcecode.c.objc; path = main.m; sourceTree = "<group>"; };
		1B24488F228318A700EB37A6 /* numberOne.h */ = {isa = PBXFileReference; lastKnownFileType = sourcecode.c.h; path = numberOne.h; sourceTree = "<group>"; };
		1B244890228318A700EB37A6 /* numberOne.m */ = {isa = PBXFileReference; lastKnownFileType = sourcecode.c.objc; path = numberOne.m; sourceTree = "<group>"; };
		1B244896228318EB00EB37A6 /* algorithmForOfferTests.xctest */ = {isa = PBXFileReference; explicitFileType = wrapper.cfbundle; includeInIndex = 0; path = algorithmForOfferTests.xctest; sourceTree = BUILT_PRODUCTS_DIR; };
		1B244898228318EB00EB37A6 /* algorithmForOfferTests.m */ = {isa = PBXFileReference; lastKnownFileType = sourcecode.c.objc; path = algorithmForOfferTests.m; sourceTree = "<group>"; };
		1B24489A228318EB00EB37A6 /* Info.plist */ = {isa = PBXFileReference; lastKnownFileType = text.plist.xml; path = Info.plist; sourceTree = "<group>"; };
		1B24489E22831C8400EB37A6 /* numberOneTests.m */ = {isa = PBXFileReference; lastKnownFileType = sourcecode.c.objc; path = numberOneTests.m; sourceTree = "<group>"; };
		1B95C2542286E3950089C9A9 /* NumberThree.h */ = {isa = PBXFileReference; lastKnownFileType = sourcecode.c.h; path = NumberThree.h; sourceTree = "<group>"; };
		1B95C2552286E3950089C9A9 /* NumberThree.m */ = {isa = PBXFileReference; lastKnownFileType = sourcecode.c.objc; path = NumberThree.m; sourceTree = "<group>"; };
		1B95C25E2286E78D0089C9A9 /* linkedList.h */ = {isa = PBXFileReference; lastKnownFileType = sourcecode.c.h; path = linkedList.h; sourceTree = "<group>"; };
		1B95C25F2286E78D0089C9A9 /* linkedList.m */ = {isa = PBXFileReference; lastKnownFileType = sourcecode.c.objc; path = linkedList.m; sourceTree = "<group>"; };
		1B95C261228725290089C9A9 /* numberThreeTests.m */ = {isa = PBXFileReference; lastKnownFileType = sourcecode.c.objc; path = numberThreeTests.m; sourceTree = "<group>"; };
		1B95C265228726630089C9A9 /* TZStack.h */ = {isa = PBXFileReference; lastKnownFileType = sourcecode.c.h; path = TZStack.h; sourceTree = "<group>"; };
		1B95C266228726630089C9A9 /* TZStack.m */ = {isa = PBXFileReference; lastKnownFileType = sourcecode.c.objc; path = TZStack.m; sourceTree = "<group>"; };
		1BE20EFE2284749E00154CF7 /* numberTwo.h */ = {isa = PBXFileReference; lastKnownFileType = sourcecode.c.h; path = numberTwo.h; sourceTree = "<group>"; };
		1BE20EFF2284749E00154CF7 /* numberTwo.m */ = {isa = PBXFileReference; lastKnownFileType = sourcecode.c.objc; path = numberTwo.m; sourceTree = "<group>"; };
		1BE20F0222847B4600154CF7 /* numberTwoTests.m */ = {isa = PBXFileReference; lastKnownFileType = sourcecode.c.objc; path = numberTwoTests.m; sourceTree = "<group>"; };
/* End PBXFileReference section */

/* Begin PBXFrameworksBuildPhase section */
		1B2448812283167C00EB37A6 /* Frameworks */ = {
			isa = PBXFrameworksBuildPhase;
			buildActionMask = 2147483647;
			files = (
			);
			runOnlyForDeploymentPostprocessing = 0;
		};
		1B244893228318EB00EB37A6 /* Frameworks */ = {
			isa = PBXFrameworksBuildPhase;
			buildActionMask = 2147483647;
			files = (
			);
			runOnlyForDeploymentPostprocessing = 0;
		};
/* End PBXFrameworksBuildPhase section */

/* Begin PBXGroup section */
		1B24487B2283167C00EB37A6 = {
			isa = PBXGroup;
			children = (
				1B2448862283167C00EB37A6 /* algorithmForOffer */,
				1B244897228318EB00EB37A6 /* algorithmForOfferTests */,
				1B2448852283167C00EB37A6 /* Products */,
				1B2448A42283210D00EB37A6 /* Frameworks */,
			);
			sourceTree = "<group>";
		};
		1B2448852283167C00EB37A6 /* Products */ = {
			isa = PBXGroup;
			children = (
				1B2448842283167C00EB37A6 /* algorithmForOffer */,
				1B244896228318EB00EB37A6 /* algorithmForOfferTests.xctest */,
			);
			name = Products;
			sourceTree = "<group>";
		};
		1B2448862283167C00EB37A6 /* algorithmForOffer */ = {
			isa = PBXGroup;
			children = (
				1B2448872283167C00EB37A6 /* main.m */,
				1B95C25A2286E6C90089C9A9 /* Tools */,
				1BE20EFC2284748C00154CF7 /* numberFive */,
				1BE20EFA2284748B00154CF7 /* numberFour */,
				1BE20EFB2284748C00154CF7 /* numberThree */,
				1BE20EFD2284748C00154CF7 /* numberTwo */,
				1B24488E2283188E00EB37A6 /* numberOne */,
			);
			path = algorithmForOffer;
			sourceTree = "<group>";
		};
		1B24488E2283188E00EB37A6 /* numberOne */ = {
			isa = PBXGroup;
			children = (
				1B24488F228318A700EB37A6 /* numberOne.h */,
				1B244890228318A700EB37A6 /* numberOne.m */,
			);
			path = numberOne;
			sourceTree = "<group>";
		};
		1B244897228318EB00EB37A6 /* algorithmForOfferTests */ = {
			isa = PBXGroup;
			children = (
				1B244898228318EB00EB37A6 /* algorithmForOfferTests.m */,
				1B24489E22831C8400EB37A6 /* numberOneTests.m */,
				1BE20F0222847B4600154CF7 /* numberTwoTests.m */,
				1B95C261228725290089C9A9 /* numberThreeTests.m */,
				1B24489A228318EB00EB37A6 /* Info.plist */,
			);
			path = algorithmForOfferTests;
			sourceTree = "<group>";
		};
		1B2448A42283210D00EB37A6 /* Frameworks */ = {
			isa = PBXGroup;
			children = (
			);
			name = Frameworks;
			sourceTree = "<group>";
		};
		1B95C25A2286E6C90089C9A9 /* Tools */ = {
			isa = PBXGroup;
			children = (
				1B95C25E2286E78D0089C9A9 /* linkedList.h */,
				1B95C25F2286E78D0089C9A9 /* linkedList.m */,
				1B95C265228726630089C9A9 /* TZStack.h */,
				1B95C266228726630089C9A9 /* TZStack.m */,
			);
			path = Tools;
			sourceTree = "<group>";
		};
		1BE20EFA2284748B00154CF7 /* numberFour */ = {
			isa = PBXGroup;
			children = (
			);
			path = numberFour;
			sourceTree = "<group>";
		};
		1BE20EFB2284748C00154CF7 /* numberThree */ = {
			isa = PBXGroup;
			children = (
				1B95C2542286E3950089C9A9 /* NumberThree.h */,
				1B95C2552286E3950089C9A9 /* NumberThree.m */,
			);
			path = numberThree;
			sourceTree = "<group>";
		};
		1BE20EFC2284748C00154CF7 /* numberFive */ = {
			isa = PBXGroup;
			children = (
			);
			path = numberFive;
			sourceTree = "<group>";
		};
		1BE20EFD2284748C00154CF7 /* numberTwo */ = {
			isa = PBXGroup;
			children = (
				1BE20EFE2284749E00154CF7 /* numberTwo.h */,
				1BE20EFF2284749E00154CF7 /* numberTwo.m */,
			);
			path = numberTwo;
			sourceTree = "<group>";
		};
/* End PBXGroup section */

/* Begin PBXNativeTarget section */
		1B2448832283167C00EB37A6 /* algorithmForOffer */ = {
			isa = PBXNativeTarget;
			buildConfigurationList = 1B24488B2283167C00EB37A6 /* Build configuration list for PBXNativeTarget "algorithmForOffer" */;
			buildPhases = (
				1B2448802283167C00EB37A6 /* Sources */,
				1B2448812283167C00EB37A6 /* Frameworks */,
				1B2448822283167C00EB37A6 /* CopyFiles */,
			);
			buildRules = (
			);
			dependencies = (
			);
			name = algorithmForOffer;
			productName = algorithmForOffer;
			productReference = 1B2448842283167C00EB37A6 /* algorithmForOffer */;
			productType = "com.apple.product-type.tool";
		};
		1B244895228318EB00EB37A6 /* algorithmForOfferTests */ = {
			isa = PBXNativeTarget;
			buildConfigurationList = 1B24489B228318EB00EB37A6 /* Build configuration list for PBXNativeTarget "algorithmForOfferTests" */;
			buildPhases = (
				1B244892228318EB00EB37A6 /* Sources */,
				1B244893228318EB00EB37A6 /* Frameworks */,
				1B244894228318EB00EB37A6 /* Resources */,
			);
			buildRules = (
			);
			dependencies = (
			);
			name = algorithmForOfferTests;
			productName = algorithmForOfferTests;
			productReference = 1B244896228318EB00EB37A6 /* algorithmForOfferTests.xctest */;
			productType = "com.apple.product-type.bundle.unit-test";
		};
/* End PBXNativeTarget section */

/* Begin PBXProject section */
		1B24487C2283167C00EB37A6 /* Project object */ = {
			isa = PBXProject;
			attributes = {
				LastUpgradeCheck = 1020;
				ORGANIZATIONNAME = "Zou Tan";
				TargetAttributes = {
					1B2448832283167C00EB37A6 = {
						CreatedOnToolsVersion = 10.2.1;
					};
					1B244895228318EB00EB37A6 = {
						CreatedOnToolsVersion = 10.2.1;
					};
				};
			};
			buildConfigurationList = 1B24487F2283167C00EB37A6 /* Build configuration list for PBXProject "algorithmForOffer" */;
			compatibilityVersion = "Xcode 9.3";
			developmentRegion = en;
			hasScannedForEncodings = 0;
			knownRegions = (
				en,
			);
			mainGroup = 1B24487B2283167C00EB37A6;
			productRefGroup = 1B2448852283167C00EB37A6 /* Products */;
			projectDirPath = "";
			projectRoot = "";
			targets = (
				1B2448832283167C00EB37A6 /* algorithmForOffer */,
				1B244895228318EB00EB37A6 /* algorithmForOfferTests */,
			);
		};
/* End PBXProject section */

/* Begin PBXResourcesBuildPhase section */
		1B244894228318EB00EB37A6 /* Resources */ = {
			isa = PBXResourcesBuildPhase;
			buildActionMask = 2147483647;
			files = (
			);
			runOnlyForDeploymentPostprocessing = 0;
		};
/* End PBXResourcesBuildPhase section */

/* Begin PBXSourcesBuildPhase section */
		1B2448802283167C00EB37A6 /* Sources */ = {
			isa = PBXSourcesBuildPhase;
			buildActionMask = 2147483647;
			files = (
				1B2448882283167C00EB37A6 /* main.m in Sources */,
				1B95C2562286E3950089C9A9 /* NumberThree.m in Sources */,
				1B244891228318A700EB37A6 /* numberOne.m in Sources */,
				1B95C2602286E78D0089C9A9 /* linkedList.m in Sources */,
				1B95C267228726630089C9A9 /* TZStack.m in Sources */,
				1BE20F002284749E00154CF7 /* numberTwo.m in Sources */,
			);
			runOnlyForDeploymentPostprocessing = 0;
		};
		1B244892228318EB00EB37A6 /* Sources */ = {
			isa = PBXSourcesBuildPhase;
			buildActionMask = 2147483647;
			files = (
				1B95C263228725420089C9A9 /* linkedList.m in Sources */,
				1B95C26822872AD20089C9A9 /* TZStack.m in Sources */,
				1B95C264228725420089C9A9 /* NumberThree.m in Sources */,
				1BE20F0122847B2C00154CF7 /* numberTwo.m in Sources */,
				1B2448AD228321CA00EB37A6 /* numberOne.m in Sources */,
				1BE20F0322847B4600154CF7 /* numberTwoTests.m in Sources */,
				1B2448AC228321B000EB37A6 /* algorithmForOfferTests.m in Sources */,
				1B2448AB228321A300EB37A6 /* numberOneTests.m in Sources */,
				1B95C262228725290089C9A9 /* numberThreeTests.m in Sources */,
			);
			runOnlyForDeploymentPostprocessing = 0;
		};
/* End PBXSourcesBuildPhase section */

/* Begin XCBuildConfiguration section */
		1B2448892283167C00EB37A6 /* Debug */ = {
			isa = XCBuildConfiguration;
			buildSettings = {
				ALWAYS_SEARCH_USER_PATHS = NO;
				CLANG_ANALYZER_NONNULL = YES;
				CLANG_ANALYZER_NUMBER_OBJECT_CONVERSION = YES_AGGRESSIVE;
				CLANG_CXX_LANGUAGE_STANDARD = "gnu++14";
				CLANG_CXX_LIBRARY = "libc++";
				CLANG_ENABLE_MODULES = YES;
				CLANG_ENABLE_OBJC_ARC = YES;
				CLANG_ENABLE_OBJC_WEAK = YES;
				CLANG_WARN_BLOCK_CAPTURE_AUTORELEASING = YES;
				CLANG_WARN_BOOL_CONVERSION = YES;
				CLANG_WARN_COMMA = YES;
				CLANG_WARN_CONSTANT_CONVERSION = YES;
				CLANG_WARN_DEPRECATED_OBJC_IMPLEMENTATIONS = YES;
				CLANG_WARN_DIRECT_OBJC_ISA_USAGE = YES_ERROR;
				CLANG_WARN_DOCUMENTATION_COMMENTS = YES;
				CLANG_WARN_EMPTY_BODY = YES;
				CLANG_WARN_ENUM_CONVERSION = YES;
				CLANG_WARN_INFINITE_RECURSION = YES;
				CLANG_WARN_INT_CONVERSION = YES;
				CLANG_WARN_NON_LITERAL_NULL_CONVERSION = YES;
				CLANG_WARN_OBJC_IMPLICIT_RETAIN_SELF = YES;
				CLANG_WARN_OBJC_LITERAL_CONVERSION = YES;
				CLANG_WARN_OBJC_ROOT_CLASS = YES_ERROR;
				CLANG_WARN_RANGE_LOOP_ANALYSIS = YES;
				CLANG_WARN_STRICT_PROTOTYPES = YES;
				CLANG_WARN_SUSPICIOUS_MOVE = YES;
				CLANG_WARN_UNGUARDED_AVAILABILITY = YES_AGGRESSIVE;
				CLANG_WARN_UNREACHABLE_CODE = YES;
				CLANG_WARN__DUPLICATE_METHOD_MATCH = YES;
				CODE_SIGN_IDENTITY = "Mac Developer";
				COPY_PHASE_STRIP = NO;
				DEBUG_INFORMATION_FORMAT = dwarf;
				ENABLE_STRICT_OBJC_MSGSEND = YES;
				ENABLE_TESTABILITY = YES;
				GCC_C_LANGUAGE_STANDARD = gnu11;
				GCC_DYNAMIC_NO_PIC = NO;
				GCC_NO_COMMON_BLOCKS = YES;
				GCC_OPTIMIZATION_LEVEL = 0;
				GCC_PREPROCESSOR_DEFINITIONS = (
					"DEBUG=1",
					"$(inherited)",
				);
				GCC_WARN_64_TO_32_BIT_CONVERSION = YES;
				GCC_WARN_ABOUT_RETURN_TYPE = YES_ERROR;
				GCC_WARN_UNDECLARED_SELECTOR = YES;
				GCC_WARN_UNINITIALIZED_AUTOS = YES_AGGRESSIVE;
				GCC_WARN_UNUSED_FUNCTION = YES;
				GCC_WARN_UNUSED_VARIABLE = YES;
				MACOSX_DEPLOYMENT_TARGET = 10.14;
				MTL_ENABLE_DEBUG_INFO = INCLUDE_SOURCE;
				MTL_FAST_MATH = YES;
				ONLY_ACTIVE_ARCH = YES;
				SDKROOT = macosx;
			};
			name = Debug;
		};
		1B24488A2283167C00EB37A6 /* Release */ = {
			isa = XCBuildConfiguration;
			buildSettings = {
				ALWAYS_SEARCH_USER_PATHS = NO;
				CLANG_ANALYZER_NONNULL = YES;
				CLANG_ANALYZER_NUMBER_OBJECT_CONVERSION = YES_AGGRESSIVE;
				CLANG_CXX_LANGUAGE_STANDARD = "gnu++14";
				CLANG_CXX_LIBRARY = "libc++";
				CLANG_ENABLE_MODULES = YES;
				CLANG_ENABLE_OBJC_ARC = YES;
				CLANG_ENABLE_OBJC_WEAK = YES;
				CLANG_WARN_BLOCK_CAPTURE_AUTORELEASING = YES;
				CLANG_WARN_BOOL_CONVERSION = YES;
				CLANG_WARN_COMMA = YES;
				CLANG_WARN_CONSTANT_CONVERSION = YES;
				CLANG_WARN_DEPRECATED_OBJC_IMPLEMENTATIONS = YES;
				CLANG_WARN_DIRECT_OBJC_ISA_USAGE = YES_ERROR;
				CLANG_WARN_DOCUMENTATION_COMMENTS = YES;
				CLANG_WARN_EMPTY_BODY = YES;
				CLANG_WARN_ENUM_CONVERSION = YES;
				CLANG_WARN_INFINITE_RECURSION = YES;
				CLANG_WARN_INT_CONVERSION = YES;
				CLANG_WARN_NON_LITERAL_NULL_CONVERSION = YES;
				CLANG_WARN_OBJC_IMPLICIT_RETAIN_SELF = YES;
				CLANG_WARN_OBJC_LITERAL_CONVERSION = YES;
				CLANG_WARN_OBJC_ROOT_CLASS = YES_ERROR;
				CLANG_WARN_RANGE_LOOP_ANALYSIS = YES;
				CLANG_WARN_STRICT_PROTOTYPES = YES;
				CLANG_WARN_SUSPICIOUS_MOVE = YES;
				CLANG_WARN_UNGUARDED_AVAILABILITY = YES_AGGRESSIVE;
				CLANG_WARN_UNREACHABLE_CODE = YES;
				CLANG_WARN__DUPLICATE_METHOD_MATCH = YES;
				CODE_SIGN_IDENTITY = "Mac Developer";
				COPY_PHASE_STRIP = NO;
				DEBUG_INFORMATION_FORMAT = "dwarf-with-dsym";
				ENABLE_NS_ASSERTIONS = NO;
				ENABLE_STRICT_OBJC_MSGSEND = YES;
				GCC_C_LANGUAGE_STANDARD = gnu11;
				GCC_NO_COMMON_BLOCKS = YES;
				GCC_WARN_64_TO_32_BIT_CONVERSION = YES;
				GCC_WARN_ABOUT_RETURN_TYPE = YES_ERROR;
				GCC_WARN_UNDECLARED_SELECTOR = YES;
				GCC_WARN_UNINITIALIZED_AUTOS = YES_AGGRESSIVE;
				GCC_WARN_UNUSED_FUNCTION = YES;
				GCC_WARN_UNUSED_VARIABLE = YES;
				MACOSX_DEPLOYMENT_TARGET = 10.14;
				MTL_ENABLE_DEBUG_INFO = NO;
				MTL_FAST_MATH = YES;
				SDKROOT = macosx;
			};
			name = Release;
		};
		1B24488C2283167C00EB37A6 /* Debug */ = {
			isa = XCBuildConfiguration;
			buildSettings = {
				CODE_SIGN_STYLE = Automatic;
				DEVELOPMENT_TEAM = LJ786Y9SWT;
				PRODUCT_NAME = "$(TARGET_NAME)";
			};
			name = Debug;
		};
		1B24488D2283167C00EB37A6 /* Release */ = {
			isa = XCBuildConfiguration;
			buildSettings = {
				CODE_SIGN_STYLE = Automatic;
				DEVELOPMENT_TEAM = LJ786Y9SWT;
				PRODUCT_NAME = "$(TARGET_NAME)";
			};
			name = Release;
		};
		1B24489C228318EB00EB37A6 /* Debug */ = {
			isa = XCBuildConfiguration;
			buildSettings = {
				ARCHS = "$(ARCHS_STANDARD)";
				CODE_SIGN_STYLE = Automatic;
				COMBINE_HIDPI_IMAGES = YES;
				DEVELOPMENT_TEAM = LJ786Y9SWT;
				INFOPLIST_FILE = algorithmForOfferTests/Info.plist;
				LD_RUNPATH_SEARCH_PATHS = (
					"$(inherited)",
					"@executable_path/../Frameworks",
					"@loader_path/../Frameworks",
				);
				PRODUCT_BUNDLE_IDENTIFIER = com.tanz.algorithmForOfferTests;
				PRODUCT_NAME = "$(TARGET_NAME)";
				VALID_ARCHS = "i386 x86_64";
			};
			name = Debug;
		};
		1B24489D228318EB00EB37A6 /* Release */ = {
			isa = XCBuildConfiguration;
			buildSettings = {
				ARCHS = "$(ARCHS_STANDARD)";
				CODE_SIGN_STYLE = Automatic;
				COMBINE_HIDPI_IMAGES = YES;
				DEVELOPMENT_TEAM = LJ786Y9SWT;
				INFOPLIST_FILE = algorithmForOfferTests/Info.plist;
				LD_RUNPATH_SEARCH_PATHS = (
					"$(inherited)",
					"@executable_path/../Frameworks",
					"@loader_path/../Frameworks",
				);
				PRODUCT_BUNDLE_IDENTIFIER = com.tanz.algorithmForOfferTests;
				PRODUCT_NAME = "$(TARGET_NAME)";
				VALID_ARCHS = "i386 x86_64";
			};
			name = Release;
		};
/* End XCBuildConfiguration section */

/* Begin XCConfigurationList section */
		1B24487F2283167C00EB37A6 /* Build configuration list for PBXProject "algorithmForOffer" */ = {
			isa = XCConfigurationList;
			buildConfigurations = (
				1B2448892283167C00EB37A6 /* Debug */,
				1B24488A2283167C00EB37A6 /* Release */,
			);
			defaultConfigurationIsVisible = 0;
			defaultConfigurationName = Release;
		};
		1B24488B2283167C00EB37A6 /* Build configuration list for PBXNativeTarget "algorithmForOffer" */ = {
			isa = XCConfigurationList;
			buildConfigurations = (
				1B24488C2283167C00EB37A6 /* Debug */,
				1B24488D2283167C00EB37A6 /* Release */,
			);
			defaultConfigurationIsVisible = 0;
			defaultConfigurationName = Release;
		};
		1B24489B228318EB00EB37A6 /* Build configuration list for PBXNativeTarget "algorithmForOfferTests" */ = {
			isa = XCConfigurationList;
			buildConfigurations = (
				1B24489C228318EB00EB37A6 /* Debug */,
				1B24489D228318EB00EB37A6 /* Release */,
			);
			defaultConfigurationIsVisible = 0;
			defaultConfigurationName = Release;
		};
/* End XCConfigurationList section */
	};
	rootObject = 1B24487C2283167C00EB37A6 /* Project object */;
}
